Microsoft Visual Studio Solution File, Format Version 7.00
Project("{FAE04EC0-301F-11D3-BF4B-00C04F79EFBC}") = "Hello", "http://localhost/upg/mod01-cs-Hello-Solution/Hello.csproj", "{EEF561A0-904C-4236-B9E8-88DC249D683B}"
EndProject
Global
	GlobalSection(SolutionConfiguration) = preSolution
		ConfigName.0 = Debug
		ConfigName.1 = Release
	EndGlobalSection
	GlobalSection(ProjectDependencies) = postSolution
	EndGlobalSection
	GlobalSection(ProjectConfiguration) = postSolution
		{EEF561A0-904C-4236-B9E8-88DC249D683B}.Debug.ActiveCfg = Debug|.NET
		{EEF561A0-904C-4236-B9E8-88DC249D683B}.Debug.Build.0 = Debug|.NET
		{EEF561A0-904C-4236-B9E8-88DC249D683B}.Release.ActiveCfg = Release|.NET
		{EEF561A0-904C-4236-B9E8-88DC249D683B}.Release.Build.0 = Release|.NET
	EndGlobalSection
	GlobalSection(ExtensibilityGlobals) = postSolution
	EndGlobalSection
	GlobalSection(ExtensibilityAddIns) = postSolution
	EndGlobalSection
EndGlobal
